
Microsoft Visual Studio Solution File, Format Version 12.00
# Visual Studio Version 17
VisualStudioVersion = 17.6.33723.286
MinimumVisualStudioVersion = 10.0.40219.1
Project("{FAE04EC0-301F-11D3-BF4B-00C04F79EFBC}") = "BubbleImprovement", "BubbleImprovement\BubbleImprovement.csproj", "{5C7257F9-F2E1-48A1-8CD7-FF24A90ED0B9}"
EndProject
Global
	GlobalSection(SolutionConfigurationPlatforms) = preSolution
		Debug|Any CPU = Debug|Any CPU
		Release|Any CPU = Release|Any CPU
	EndGlobalSection
	GlobalSection(ProjectConfigurationPlatforms) = postSolution
		{5C7257F9-F2E1-48A1-8CD7-FF24A90ED0B9}.Debug|Any CPU.ActiveCfg = Debug|Any CPU
		{5C7257F9-F2E1-48A1-8CD7-FF24A90ED0B9}.Debug|Any CPU.Build.0 = Debug|Any CPU
		{5C7257F9-F2E1-48A1-8CD7-FF24A90ED0B9}.Release|Any CPU.ActiveCfg = Release|Any CPU
		{5C7257F9-F2E1-48A1-8CD7-FF24A90ED0B9}.Release|Any CPU.Build.0 = Release|Any CPU
	EndGlobalSection
	GlobalSection(SolutionProperties) = preSolution
		HideSolutionNode = FALSE
	EndGlobalSection
	GlobalSection(ExtensibilityGlobals) = postSolution
		SolutionGuid = {369B6063-0C4B-4EA5-A3FA-F9E1985B0AC7}
	EndGlobalSection
EndGlobal
