
Microsoft Visual Studio Solution File, Format Version 12.00
# Visual Studio Version 17
VisualStudioVersion = 17.5.33516.290
MinimumVisualStudioVersion = 10.0.40219.1
Project("{FAE04EC0-301F-11D3-BF4B-00C04F79EFBC}") = "Infix_to_Postfix", "Infix_to_Postfix\Infix_to_Postfix.csproj", "{87909E2F-0F37-4F90-BB47-D2CE7DC0AED8}"
EndProject
Global
	GlobalSection(SolutionConfigurationPlatforms) = preSolution
		Debug|Any CPU = Debug|Any CPU
		Release|Any CPU = Release|Any CPU
	EndGlobalSection
	GlobalSection(ProjectConfigurationPlatforms) = postSolution
		{87909E2F-0F37-4F90-BB47-D2CE7DC0AED8}.Debug|Any CPU.ActiveCfg = Debug|Any CPU
		{87909E2F-0F37-4F90-BB47-D2CE7DC0AED8}.Debug|Any CPU.Build.0 = Debug|Any CPU
		{87909E2F-0F37-4F90-BB47-D2CE7DC0AED8}.Release|Any CPU.ActiveCfg = Release|Any CPU
		{87909E2F-0F37-4F90-BB47-D2CE7DC0AED8}.Release|Any CPU.Build.0 = Release|Any CPU
	EndGlobalSection
	GlobalSection(SolutionProperties) = preSolution
		HideSolutionNode = FALSE
	EndGlobalSection
	GlobalSection(ExtensibilityGlobals) = postSolution
		SolutionGuid = {1C5B1B54-CD29-4F6C-8B04-B2D919392D07}
	EndGlobalSection
EndGlobal
