
Microsoft Visual Studio Solution File, Format Version 12.00
# Visual Studio Version 17
VisualStudioVersion = 17.6.33723.286
MinimumVisualStudioVersion = 10.0.40219.1
Project("{9A19103F-16F7-4668-BE54-9A1E7A4F7556}") = "Factorial_Prac", "Factorial_Prac.csproj", "{93B4DE18-1D2C-40CF-BAA4-9CE19FFB1D7C}"
EndProject
Global
	GlobalSection(SolutionConfigurationPlatforms) = preSolution
		Debug|Any CPU = Debug|Any CPU
		Release|Any CPU = Release|Any CPU
	EndGlobalSection
	GlobalSection(ProjectConfigurationPlatforms) = postSolution
		{93B4DE18-1D2C-40CF-BAA4-9CE19FFB1D7C}.Debug|Any CPU.ActiveCfg = Debug|Any CPU
		{93B4DE18-1D2C-40CF-BAA4-9CE19FFB1D7C}.Debug|Any CPU.Build.0 = Debug|Any CPU
		{93B4DE18-1D2C-40CF-BAA4-9CE19FFB1D7C}.Release|Any CPU.ActiveCfg = Release|Any CPU
		{93B4DE18-1D2C-40CF-BAA4-9CE19FFB1D7C}.Release|Any CPU.Build.0 = Release|Any CPU
	EndGlobalSection
	GlobalSection(SolutionProperties) = preSolution
		HideSolutionNode = FALSE
	EndGlobalSection
	GlobalSection(ExtensibilityGlobals) = postSolution
		SolutionGuid = {C9B8060A-DCFD-4703-AC54-F039A4B4E716}
	EndGlobalSection
EndGlobal
